
Microsoft Visual Studio Solution File, Format Version 12.00
# Visual Studio Version 16
VisualStudioVersion = 16.0.30114.105
MinimumVisualStudioVersion = 10.0.40219.1
Project("{FAE04EC0-301F-11D3-BF4B-00C04F79EFBC}") = "ProAtividade.API", "ProAtividade.API\ProAtividade.API.csproj", "{D57A2A1A-C252-4F0E-BFC2-A7170A9E3C22}"
EndProject
Project("{FAE04EC0-301F-11D3-BF4B-00C04F79EFBC}") = "ProAtividade.Data", "ProAtividade.Data\ProAtividade.Data.csproj", "{36EC4271-D4A6-4481-A1DF-F743D46626CC}"
EndProject
Project("{FAE04EC0-301F-11D3-BF4B-00C04F79EFBC}") = "ProAtividade.Domain", "ProAtividade.Domain\ProAtividade.Domain.csproj", "{6B73EA43-E780-4A28-B9EA-3E2C1E28FFE9}"
EndProject
Global
	GlobalSection(SolutionConfigurationPlatforms) = preSolution
		Debug|Any CPU = Debug|Any CPU
		Debug|x64 = Debug|x64
		Debug|x86 = Debug|x86
		Release|Any CPU = Release|Any CPU
		Release|x64 = Release|x64
		Release|x86 = Release|x86
	EndGlobalSection
	GlobalSection(SolutionProperties) = preSolution
		HideSolutionNode = FALSE
	EndGlobalSection
	GlobalSection(ProjectConfigurationPlatforms) = postSolution
		{D57A2A1A-C252-4F0E-BFC2-A7170A9E3C22}.Debug|Any CPU.ActiveCfg = Debug|Any CPU
		{D57A2A1A-C252-4F0E-BFC2-A7170A9E3C22}.Debug|Any CPU.Build.0 = Debug|Any CPU
		{D57A2A1A-C252-4F0E-BFC2-A7170A9E3C22}.Debug|x64.ActiveCfg = Debug|Any CPU
		{D57A2A1A-C252-4F0E-BFC2-A7170A9E3C22}.Debug|x64.Build.0 = Debug|Any CPU
		{D57A2A1A-C252-4F0E-BFC2-A7170A9E3C22}.Debug|x86.ActiveCfg = Debug|Any CPU
		{D57A2A1A-C252-4F0E-BFC2-A7170A9E3C22}.Debug|x86.Build.0 = Debug|Any CPU
		{D57A2A1A-C252-4F0E-BFC2-A7170A9E3C22}.Release|Any CPU.ActiveCfg = Release|Any CPU
		{D57A2A1A-C252-4F0E-BFC2-A7170A9E3C22}.Release|Any CPU.Build.0 = Release|Any CPU
		{D57A2A1A-C252-4F0E-BFC2-A7170A9E3C22}.Release|x64.ActiveCfg = Release|Any CPU
		{D57A2A1A-C252-4F0E-BFC2-A7170A9E3C22}.Release|x64.Build.0 = Release|Any CPU
		{D57A2A1A-C252-4F0E-BFC2-A7170A9E3C22}.Release|x86.ActiveCfg = Release|Any CPU
		{D57A2A1A-C252-4F0E-BFC2-A7170A9E3C22}.Release|x86.Build.0 = Release|Any CPU
		{36EC4271-D4A6-4481-A1DF-F743D46626CC}.Debug|Any CPU.ActiveCfg = Debug|Any CPU
		{36EC4271-D4A6-4481-A1DF-F743D46626CC}.Debug|Any CPU.Build.0 = Debug|Any CPU
		{36EC4271-D4A6-4481-A1DF-F743D46626CC}.Debug|x64.ActiveCfg = Debug|Any CPU
		{36EC4271-D4A6-4481-A1DF-F743D46626CC}.Debug|x64.Build.0 = Debug|Any CPU
		{36EC4271-D4A6-4481-A1DF-F743D46626CC}.Debug|x86.ActiveCfg = Debug|Any CPU
		{36EC4271-D4A6-4481-A1DF-F743D46626CC}.Debug|x86.Build.0 = Debug|Any CPU
		{36EC4271-D4A6-4481-A1DF-F743D46626CC}.Release|Any CPU.ActiveCfg = Release|Any CPU
		{36EC4271-D4A6-4481-A1DF-F743D46626CC}.Release|Any CPU.Build.0 = Release|Any CPU
		{36EC4271-D4A6-4481-A1DF-F743D46626CC}.Release|x64.ActiveCfg = Release|Any CPU
		{36EC4271-D4A6-4481-A1DF-F743D46626CC}.Release|x64.Build.0 = Release|Any CPU
		{36EC4271-D4A6-4481-A1DF-F743D46626CC}.Release|x86.ActiveCfg = Release|Any CPU
		{36EC4271-D4A6-4481-A1DF-F743D46626CC}.Release|x86.Build.0 = Release|Any CPU
		{6B73EA43-E780-4A28-B9EA-3E2C1E28FFE9}.Debug|Any CPU.ActiveCfg = Debug|Any CPU
		{6B73EA43-E780-4A28-B9EA-3E2C1E28FFE9}.Debug|Any CPU.Build.0 = Debug|Any CPU
		{6B73EA43-E780-4A28-B9EA-3E2C1E28FFE9}.Debug|x64.ActiveCfg = Debug|Any CPU
		{6B73EA43-E780-4A28-B9EA-3E2C1E28FFE9}.Debug|x64.Build.0 = Debug|Any CPU
		{6B73EA43-E780-4A28-B9EA-3E2C1E28FFE9}.Debug|x86.ActiveCfg = Debug|Any CPU
		{6B73EA43-E780-4A28-B9EA-3E2C1E28FFE9}.Debug|x86.Build.0 = Debug|Any CPU
		{6B73EA43-E780-4A28-B9EA-3E2C1E28FFE9}.Release|Any CPU.ActiveCfg = Release|Any CPU
		{6B73EA43-E780-4A28-B9EA-3E2C1E28FFE9}.Release|Any CPU.Build.0 = Release|Any CPU
		{6B73EA43-E780-4A28-B9EA-3E2C1E28FFE9}.Release|x64.ActiveCfg = Release|Any CPU
		{6B73EA43-E780-4A28-B9EA-3E2C1E28FFE9}.Release|x64.Build.0 = Release|Any CPU
		{6B73EA43-E780-4A28-B9EA-3E2C1E28FFE9}.Release|x86.ActiveCfg = Release|Any CPU
		{6B73EA43-E780-4A28-B9EA-3E2C1E28FFE9}.Release|x86.Build.0 = Release|Any CPU
	EndGlobalSection
EndGlobal
